
Microsoft Visual Studio Solution File, Format Version 12.00
# Visual Studio Version 16
VisualStudioVersion = 16.0.30517.126
MinimumVisualStudioVersion = 10.0.40219.1
Project("{FAE04EC0-301F-11D3-BF4B-00C04F79EFBC}") = "DiziProje", "DiziProje\DiziProje.csproj", "{D6EB7A5E-2045-4FC1-AD75-EE3E3B1A2D88}"
EndProject
Global
	GlobalSection(SolutionConfigurationPlatforms) = preSolution
		Debug|Any CPU = Debug|Any CPU
		Release|Any CPU = Release|Any CPU
	EndGlobalSection
	GlobalSection(ProjectConfigurationPlatforms) = postSolution
		{D6EB7A5E-2045-4FC1-AD75-EE3E3B1A2D88}.Debug|Any CPU.ActiveCfg = Debug|Any CPU
		{D6EB7A5E-2045-4FC1-AD75-EE3E3B1A2D88}.Debug|Any CPU.Build.0 = Debug|Any CPU
		{D6EB7A5E-2045-4FC1-AD75-EE3E3B1A2D88}.Release|Any CPU.ActiveCfg = Release|Any CPU
		{D6EB7A5E-2045-4FC1-AD75-EE3E3B1A2D88}.Release|Any CPU.Build.0 = Release|Any CPU
	EndGlobalSection
	GlobalSection(SolutionProperties) = preSolution
		HideSolutionNode = FALSE
	EndGlobalSection
	GlobalSection(ExtensibilityGlobals) = postSolution
		SolutionGuid = {DF5B2182-11D0-4818-B2ED-8569A76550EE}
	EndGlobalSection
EndGlobal
